{
  "requires": true,
  "lockfileVersion": 1,
  "dependencies": {
    "vue-router": {
      "version": "3.1.5",
      "resolved": "https://registry.npm.taobao.org/vue-router/download/vue-router-3.1.5.tgz?cache=0&sync_timestamp=1579092219807&other_urls=https%3A%2F%2Fregistry.npm.taobao.org%2Fvue-router%2Fdownload%2Fvue-router-3.1.5.tgz",
      "integrity": "sha1-/ym4oeEwbFJrUtTcBTIQnxbEEjE=",
      "dev": true
    }
  }
}
